// !$*UTF8*$!
{
	archiveVersion = 1;
	classes = {
	};
	objectVersion = 56;
	objects = {

/* Begin PBXBuildFile section */
		BC21BAD72AF2D397005AC913 /* BTC_WalletApp.swift in Sources */ = {isa = PBXBuildFile; fileRef = BC21BAD62AF2D397005AC913 /* BTC_WalletApp.swift */; };
		BC21BAD92AF2D397005AC913 /* ContentView.swift in Sources */ = {isa = PBXBuildFile; fileRef = BC21BAD82AF2D397005AC913 /* ContentView.swift */; };
		BC21BADB2AF2D399005AC913 /* Assets.xcassets in Resources */ = {isa = PBXBuildFile; fileRef = BC21BADA2AF2D399005AC913 /* Assets.xcassets */; };
		BC21BADE2AF2D399005AC913 /* Preview Assets.xcassets in Resources */ = {isa = PBXBuildFile; fileRef = BC21BADD2AF2D399005AC913 /* Preview Assets.xcassets */; };
		BC21BAF22AF2D399005AC913 /* BTC_WalletUITests.swift in Sources */ = {isa = PBXBuildFile; fileRef = BC21BAF12AF2D399005AC913 /* BTC_WalletUITests.swift */; };
		BC21BAF42AF2D399005AC913 /* BTC_WalletUITestsLaunchTests.swift in Sources */ = {isa = PBXBuildFile; fileRef = BC21BAF32AF2D399005AC913 /* BTC_WalletUITestsLaunchTests.swift */; };
		BC21BB2F2AF2D3F1005AC913 /* WordList.swift in Sources */ = {isa = PBXBuildFile; fileRef = BC21BB012AF2D3F1005AC913 /* WordList.swift */; };
		BC21BB302AF2D3F1005AC913 /* SMP+Bitcoin.swift in Sources */ = {isa = PBXBuildFile; fileRef = BC21BB022AF2D3F1005AC913 /* SMP+Bitcoin.swift */; };
		BC21BB312AF2D3F1005AC913 /* ExtendedPublicKey.swift in Sources */ = {isa = PBXBuildFile; fileRef = BC21BB032AF2D3F1005AC913 /* ExtendedPublicKey.swift */; };
		BC21BB322AF2D3F1005AC913 /* ExtendedPrivateKey.swift in Sources */ = {isa = PBXBuildFile; fileRef = BC21BB042AF2D3F1005AC913 /* ExtendedPrivateKey.swift */; };
		BC21BB332AF2D3F1005AC913 /* BTCCurve.swift in Sources */ = {isa = PBXBuildFile; fileRef = BC21BB052AF2D3F1005AC913 /* BTCCurve.swift */; };
		BC21BB342AF2D3F1005AC913 /* BTCNetwork.swift in Sources */ = {isa = PBXBuildFile; fileRef = BC21BB062AF2D3F1005AC913 /* BTCNetwork.swift */; };
		BC21BB352AF2D3F1005AC913 /* SHA256.swift in Sources */ = {isa = PBXBuildFile; fileRef = BC21BB072AF2D3F1005AC913 /* SHA256.swift */; };
		BC21BB362AF2D3F1005AC913 /* BTCKeychain.swift in Sources */ = {isa = PBXBuildFile; fileRef = BC21BB082AF2D3F1005AC913 /* BTCKeychain.swift */; };
		BC21BB372AF2D3F1005AC913 /* KeychainPasswordItem.swift in Sources */ = {isa = PBXBuildFile; fileRef = BC21BB092AF2D3F1005AC913 /* KeychainPasswordItem.swift */; };
		BC21BB382AF2D3F2005AC913 /* BTCkOP_CODES.swift in Sources */ = {isa = PBXBuildFile; fileRef = BC21BB0A2AF2D3F1005AC913 /* BTCkOP_CODES.swift */; };
		BC21BB392AF2D3F2005AC913 /* Data+Bitcoin.swift in Sources */ = {isa = PBXBuildFile; fileRef = BC21BB0B2AF2D3F1005AC913 /* Data+Bitcoin.swift */; };
		BC21BB3A2AF2D3F2005AC913 /* eckey_impl.swift in Sources */ = {isa = PBXBuildFile; fileRef = BC21BB0D2AF2D3F1005AC913 /* eckey_impl.swift */; };
		BC21BB3B2AF2D3F2005AC913 /* hash.swift in Sources */ = {isa = PBXBuildFile; fileRef = BC21BB0E2AF2D3F1005AC913 /* hash.swift */; };
		BC21BB3C2AF2D3F2005AC913 /* lax_der_privatekey_parsing.swift in Sources */ = {isa = PBXBuildFile; fileRef = BC21BB0F2AF2D3F1005AC913 /* lax_der_privatekey_parsing.swift */; };
		BC21BB3D2AF2D3F2005AC913 /* ecmult_static_context.swift in Sources */ = {isa = PBXBuildFile; fileRef = BC21BB102AF2D3F1005AC913 /* ecmult_static_context.swift */; };
		BC21BB3E2AF2D3F2005AC913 /* ecmult_gen.swift in Sources */ = {isa = PBXBuildFile; fileRef = BC21BB112AF2D3F1005AC913 /* ecmult_gen.swift */; };
		BC21BB3F2AF2D3F2005AC913 /* field_10x26.swift in Sources */ = {isa = PBXBuildFile; fileRef = BC21BB122AF2D3F1005AC913 /* field_10x26.swift */; };
		BC21BB402AF2D3F2005AC913 /* ecdsa_impl.swift in Sources */ = {isa = PBXBuildFile; fileRef = BC21BB132AF2D3F1005AC913 /* ecdsa_impl.swift */; };
		BC21BB412AF2D3F2005AC913 /* gen_context.swift in Sources */ = {isa = PBXBuildFile; fileRef = BC21BB142AF2D3F1005AC913 /* gen_context.swift */; };
		BC21BB422AF2D3F2005AC913 /* group_impl.swift in Sources */ = {isa = PBXBuildFile; fileRef = BC21BB152AF2D3F1005AC913 /* group_impl.swift */; };
		BC21BB432AF2D3F2005AC913 /* field_impl.swift in Sources */ = {isa = PBXBuildFile; fileRef = BC21BB162AF2D3F1005AC913 /* field_impl.swift */; };
		BC21BB442AF2D3F2005AC913 /* scalar_8x32_impl.swift in Sources */ = {isa = PBXBuildFile; fileRef = BC21BB172AF2D3F1005AC913 /* scalar_8x32_impl.swift */; };
		BC21BB452AF2D3F2005AC913 /* scalar_impl.swift in Sources */ = {isa = PBXBuildFile; fileRef = BC21BB182AF2D3F1005AC913 /* scalar_impl.swift */; };
		BC21BB462AF2D3F2005AC913 /* hash_impl.swift in Sources */ = {isa = PBXBuildFile; fileRef = BC21BB192AF2D3F1005AC913 /* hash_impl.swift */; };
		BC21BB472AF2D3F2005AC913 /* util.swift in Sources */ = {isa = PBXBuildFile; fileRef = BC21BB1A2AF2D3F1005AC913 /* util.swift */; };
		BC21BB482AF2D3F2005AC913 /* secp256k1.swift in Sources */ = {isa = PBXBuildFile; fileRef = BC21BB1B2AF2D3F1005AC913 /* secp256k1.swift */; };
		BC21BB492AF2D3F2005AC913 /* ecmult_const_impl.swift in Sources */ = {isa = PBXBuildFile; fileRef = BC21BB1C2AF2D3F1005AC913 /* ecmult_const_impl.swift */; };
		BC21BB4A2AF2D3F2005AC913 /* group.swift in Sources */ = {isa = PBXBuildFile; fileRef = BC21BB1D2AF2D3F1005AC913 /* group.swift */; };
		BC21BB4B2AF2D3F2005AC913 /* ecmult.swift in Sources */ = {isa = PBXBuildFile; fileRef = BC21BB1E2AF2D3F1005AC913 /* ecmult.swift */; };
		BC21BB4C2AF2D3F2005AC913 /* recovery.swift in Sources */ = {isa = PBXBuildFile; fileRef = BC21BB1F2AF2D3F1005AC913 /* recovery.swift */; };
		BC21BB4D2AF2D3F2005AC913 /* scalar_8x32.swift in Sources */ = {isa = PBXBuildFile; fileRef = BC21BB202AF2D3F1005AC913 /* scalar_8x32.swift */; };
		BC21BB4E2AF2D3F2005AC913 /* lax_der_parsing.swift in Sources */ = {isa = PBXBuildFile; fileRef = BC21BB212AF2D3F1005AC913 /* lax_der_parsing.swift */; };
		BC21BB4F2AF2D3F2005AC913 /* ecmult_gen_impl.swift in Sources */ = {isa = PBXBuildFile; fileRef = BC21BB222AF2D3F1005AC913 /* ecmult_gen_impl.swift */; };
		BC21BB502AF2D3F2005AC913 /* PBHex.swift in Sources */ = {isa = PBXBuildFile; fileRef = BC21BB232AF2D3F1005AC913 /* PBHex.swift */; };
		BC21BB512AF2D3F2005AC913 /* field_10x26_impl.swift in Sources */ = {isa = PBXBuildFile; fileRef = BC21BB242AF2D3F1005AC913 /* field_10x26_impl.swift */; };
		BC21BB522AF2D3F2005AC913 /* ecmult_impl.swift in Sources */ = {isa = PBXBuildFile; fileRef = BC21BB252AF2D3F1005AC913 /* ecmult_impl.swift */; };
		BC21BB532AF2D3F2005AC913 /* PBInt.swift in Sources */ = {isa = PBXBuildFile; fileRef = BC21BB262AF2D3F1005AC913 /* PBInt.swift */; };
		BC21BB542AF2D3F2005AC913 /* BTCKeychainType.swift in Sources */ = {isa = PBXBuildFile; fileRef = BC21BB272AF2D3F1005AC913 /* BTCKeychainType.swift */; };
		BC21BB552AF2D3F2005AC913 /* RIPEMD160.swift in Sources */ = {isa = PBXBuildFile; fileRef = BC21BB282AF2D3F1005AC913 /* RIPEMD160.swift */; };
		BC21BB562AF2D3F2005AC913 /* Mnemonic.swift in Sources */ = {isa = PBXBuildFile; fileRef = BC21BB292AF2D3F1005AC913 /* Mnemonic.swift */; };
		BC21BB572AF2D3F2005AC913 /* PBKDF2.swift in Sources */ = {isa = PBXBuildFile; fileRef = BC21BB2A2AF2D3F1005AC913 /* PBKDF2.swift */; };
		BC21BB582AF2D3F2005AC913 /* String+Bitcoin.swift in Sources */ = {isa = PBXBuildFile; fileRef = BC21BB2B2AF2D3F1005AC913 /* String+Bitcoin.swift */; };
		BC21BB592AF2D3F2005AC913 /* SMP.swift in Sources */ = {isa = PBXBuildFile; fileRef = BC21BB2C2AF2D3F1005AC913 /* SMP.swift */; };
		BC21BB5A2AF2D3F2005AC913 /* SegwitAddrCoder.swift in Sources */ = {isa = PBXBuildFile; fileRef = BC21BB2D2AF2D3F1005AC913 /* SegwitAddrCoder.swift */; };
		BC21BB5B2AF2D3F2005AC913 /* Bech32.swift in Sources */ = {isa = PBXBuildFile; fileRef = BC21BB2E2AF2D3F1005AC913 /* Bech32.swift */; };
		BC21BB622AF2D415005AC913 /* Base58Tests.swift in Sources */ = {isa = PBXBuildFile; fileRef = BC21BB5D2AF2D415005AC913 /* Base58Tests.swift */; };
		BC21BB632AF2D415005AC913 /* BTCKeyTests.swift in Sources */ = {isa = PBXBuildFile; fileRef = BC21BB5E2AF2D415005AC913 /* BTCKeyTests.swift */; };
		BC21BB642AF2D415005AC913 /* MnemonicTests.swift in Sources */ = {isa = PBXBuildFile; fileRef = BC21BB5F2AF2D415005AC913 /* MnemonicTests.swift */; };
		BC21BB652AF2D415005AC913 /* BTCKeychainTests.swift in Sources */ = {isa = PBXBuildFile; fileRef = BC21BB602AF2D415005AC913 /* BTCKeychainTests.swift */; };
		BC21BB662AF2D415005AC913 /* BTCCurveTests.swift in Sources */ = {isa = PBXBuildFile; fileRef = BC21BB612AF2D415005AC913 /* BTCCurveTests.swift */; };
		BC21BB6B2AF2D62D005AC913 /* MnemonicViewModel.swift in Sources */ = {isa = PBXBuildFile; fileRef = BC21BB6A2AF2D62D005AC913 /* MnemonicViewModel.swift */; };
		BC21BB6D2AF2D63F005AC913 /* MnemonicView.swift in Sources */ = {isa = PBXBuildFile; fileRef = BC21BB6C2AF2D63F005AC913 /* MnemonicView.swift */; };
		BC21BB6F2AF2D645005AC913 /* MnemonicWordView.swift in Sources */ = {isa = PBXBuildFile; fileRef = BC21BB6E2AF2D644005AC913 /* MnemonicWordView.swift */; };
		BC21BB712AF2D66E005AC913 /* SettingsView.swift in Sources */ = {isa = PBXBuildFile; fileRef = BC21BB702AF2D66D005AC913 /* SettingsView.swift */; };
		BC21BB732AF2D679005AC913 /* SettingsViewModel.swift in Sources */ = {isa = PBXBuildFile; fileRef = BC21BB722AF2D679005AC913 /* SettingsViewModel.swift */; };
		BC21BB752AF2D6B1005AC913 /* WebView.swift in Sources */ = {isa = PBXBuildFile; fileRef = BC21BB742AF2D6B1005AC913 /* WebView.swift */; };
		BC21BB772AF2E09D005AC913 /* SendView.swift in Sources */ = {isa = PBXBuildFile; fileRef = BC21BB762AF2E09D005AC913 /* SendView.swift */; };
		BC21BB792AF2E0CC005AC913 /* SendViewModel.swift in Sources */ = {isa = PBXBuildFile; fileRef = BC21BB782AF2E0CC005AC913 /* SendViewModel.swift */; };
		BC21BB7B2AF2E106005AC913 /* RecipientView.swift in Sources */ = {isa = PBXBuildFile; fileRef = BC21BB7A2AF2E106005AC913 /* RecipientView.swift */; };
		BC21BB7D2AF2E11E005AC913 /* RecipientViewModel.swift in Sources */ = {isa = PBXBuildFile; fileRef = BC21BB7C2AF2E11E005AC913 /* RecipientViewModel.swift */; };
		BC21BB7F2AF2E128005AC913 /* SectionHeaderView.swift in Sources */ = {isa = PBXBuildFile; fileRef = BC21BB7E2AF2E128005AC913 /* SectionHeaderView.swift */; };
		BC21BB812AF2F074005AC913 /* WalletsView.swift in Sources */ = {isa = PBXBuildFile; fileRef = BC21BB802AF2F074005AC913 /* WalletsView.swift */; };
		BC21BB832AF2F15E005AC913 /* WalletView.swift in Sources */ = {isa = PBXBuildFile; fileRef = BC21BB822AF2F15E005AC913 /* WalletView.swift */; };
		BC21BB852AF2F57F005AC913 /* WalletsViewModel.swift in Sources */ = {isa = PBXBuildFile; fileRef = BC21BB842AF2F57F005AC913 /* WalletsViewModel.swift */; };
		BCE06A212AFACE9300F5F415 /* CodeScanner in Frameworks */ = {isa = PBXBuildFile; productRef = BCE06A202AFACE9300F5F415 /* CodeScanner */; };
		BCE06A232AFD3EE200F5F415 /* ButtonX.swift in Sources */ = {isa = PBXBuildFile; fileRef = BCE06A222AFD3EE200F5F415 /* ButtonX.swift */; };
		BCE06A262B02B37900F5F415 /* ButtonStyles.swift in Sources */ = {isa = PBXBuildFile; fileRef = BCE06A252B02B37900F5F415 /* ButtonStyles.swift */; };
		BCE06A282B03D06D00F5F415 /* Localizable.strings in Resources */ = {isa = PBXBuildFile; fileRef = BCE06A272B03D06D00F5F415 /* Localizable.strings */; };
		BCE06A2A2B05485300F5F415 /* WalletViewModel.swift in Sources */ = {isa = PBXBuildFile; fileRef = BCE06A292B05485300F5F415 /* WalletViewModel.swift */; };
		BCE06A2D2B0562C200F5F415 /* QuizVMTests.swift in Sources */ = {isa = PBXBuildFile; fileRef = BCE06A2C2B0562C200F5F415 /* QuizVMTests.swift */; };
		BCFD2D852AF44A7200A9A94E /* QuizView.swift in Sources */ = {isa = PBXBuildFile; fileRef = BCFD2D842AF44A7200A9A94E /* QuizView.swift */; };
		BCFD2D872AF44A9300A9A94E /* QuizViewModel.swift in Sources */ = {isa = PBXBuildFile; fileRef = BCFD2D862AF44A9300A9A94E /* QuizViewModel.swift */; };
/* End PBXBuildFile section */

/* Begin PBXContainerItemProxy section */
		BC21BAE42AF2D399005AC913 /* PBXContainerItemProxy */ = {
			isa = PBXContainerItemProxy;
			containerPortal = BC21BACB2AF2D396005AC913 /* Project object */;
			proxyType = 1;
			remoteGlobalIDString = BC21BAD22AF2D397005AC913;
			remoteInfo = BTC_Wallet;
		};
		BC21BAEE2AF2D399005AC913 /* PBXContainerItemProxy */ = {
			isa = PBXContainerItemProxy;
			containerPortal = BC21BACB2AF2D396005AC913 /* Project object */;
			proxyType = 1;
			remoteGlobalIDString = BC21BAD22AF2D397005AC913;
			remoteInfo = BTC_Wallet;
		};
/* End PBXContainerItemProxy section */

/* Begin PBXFileReference section */
		BC21BAD32AF2D397005AC913 /* BTC_Wallet.app */ = {isa = PBXFileReference; explicitFileType = wrapper.application; includeInIndex = 0; path = BTC_Wallet.app; sourceTree = BUILT_PRODUCTS_DIR; };
		BC21BAD62AF2D397005AC913 /* BTC_WalletApp.swift */ = {isa = PBXFileReference; lastKnownFileType = sourcecode.swift; path = BTC_WalletApp.swift; sourceTree = "<group>"; };
		BC21BAD82AF2D397005AC913 /* ContentView.swift */ = {isa = PBXFileReference; lastKnownFileType = sourcecode.swift; path = ContentView.swift; sourceTree = "<group>"; };
		BC21BADA2AF2D399005AC913 /* Assets.xcassets */ = {isa = PBXFileReference; lastKnownFileType = folder.assetcatalog; path = Assets.xcassets; sourceTree = "<group>"; };
		BC21BADD2AF2D399005AC913 /* Preview Assets.xcassets */ = {isa = PBXFileReference; lastKnownFileType = folder.assetcatalog; path = "Preview Assets.xcassets"; sourceTree = "<group>"; };
		BC21BAE32AF2D399005AC913 /* BTC_WalletTests.xctest */ = {isa = PBXFileReference; explicitFileType = wrapper.cfbundle; includeInIndex = 0; path = BTC_WalletTests.xctest; sourceTree = BUILT_PRODUCTS_DIR; };
		BC21BAED2AF2D399005AC913 /* BTC_WalletUITests.xctest */ = {isa = PBXFileReference; explicitFileType = wrapper.cfbundle; includeInIndex = 0; path = BTC_WalletUITests.xctest; sourceTree = BUILT_PRODUCTS_DIR; };
		BC21BAF12AF2D399005AC913 /* BTC_WalletUITests.swift */ = {isa = PBXFileReference; lastKnownFileType = sourcecode.swift; path = BTC_WalletUITests.swift; sourceTree = "<group>"; };
		BC21BAF32AF2D399005AC913 /* BTC_WalletUITestsLaunchTests.swift */ = {isa = PBXFileReference; lastKnownFileType = sourcecode.swift; path = BTC_WalletUITestsLaunchTests.swift; sourceTree = "<group>"; };
		BC21BB012AF2D3F1005AC913 /* WordList.swift */ = {isa = PBXFileReference; fileEncoding = 4; lastKnownFileType = sourcecode.swift; path = WordList.swift; sourceTree = "<group>"; };
		BC21BB022AF2D3F1005AC913 /* SMP+Bitcoin.swift */ = {isa = PBXFileReference; fileEncoding = 4; lastKnownFileType = sourcecode.swift; path = "SMP+Bitcoin.swift"; sourceTree = "<group>"; };
		BC21BB032AF2D3F1005AC913 /* ExtendedPublicKey.swift */ = {isa = PBXFileReference; fileEncoding = 4; lastKnownFileType = sourcecode.swift; path = ExtendedPublicKey.swift; sourceTree = "<group>"; };
		BC21BB042AF2D3F1005AC913 /* ExtendedPrivateKey.swift */ = {isa = PBXFileReference; fileEncoding = 4; lastKnownFileType = sourcecode.swift; path = ExtendedPrivateKey.swift; sourceTree = "<group>"; };
		BC21BB052AF2D3F1005AC913 /* BTCCurve.swift */ = {isa = PBXFileReference; fileEncoding = 4; lastKnownFileType = sourcecode.swift; path = BTCCurve.swift; sourceTree = "<group>"; };
		BC21BB062AF2D3F1005AC913 /* BTCNetwork.swift */ = {isa = PBXFileReference; fileEncoding = 4; lastKnownFileType = sourcecode.swift; path = BTCNetwork.swift; sourceTree = "<group>"; };
		BC21BB072AF2D3F1005AC913 /* SHA256.swift */ = {isa = PBXFileReference; fileEncoding = 4; lastKnownFileType = sourcecode.swift; path = SHA256.swift; sourceTree = "<group>"; };
		BC21BB082AF2D3F1005AC913 /* BTCKeychain.swift */ = {isa = PBXFileReference; fileEncoding = 4; lastKnownFileType = sourcecode.swift; path = BTCKeychain.swift; sourceTree = "<group>"; };
		BC21BB092AF2D3F1005AC913 /* KeychainPasswordItem.swift */ = {isa = PBXFileReference; fileEncoding = 4; lastKnownFileType = sourcecode.swift; path = KeychainPasswordItem.swift; sourceTree = "<group>"; };
		BC21BB0A2AF2D3F1005AC913 /* BTCkOP_CODES.swift */ = {isa = PBXFileReference; fileEncoding = 4; lastKnownFileType = sourcecode.swift; path = BTCkOP_CODES.swift; sourceTree = "<group>"; };
		BC21BB0B2AF2D3F1005AC913 /* Data+Bitcoin.swift */ = {isa = PBXFileReference; fileEncoding = 4; lastKnownFileType = sourcecode.swift; path = "Data+Bitcoin.swift"; sourceTree = "<group>"; };
		BC21BB0D2AF2D3F1005AC913 /* eckey_impl.swift */ = {isa = PBXFileReference; fileEncoding = 4; lastKnownFileType = sourcecode.swift; path = eckey_impl.swift; sourceTree = "<group>"; };
		BC21BB0E2AF2D3F1005AC913 /* hash.swift */ = {isa = PBXFileReference; fileEncoding = 4; lastKnownFileType = sourcecode.swift; path = hash.swift; sourceTree = "<group>"; };
		BC21BB0F2AF2D3F1005AC913 /* lax_der_privatekey_parsing.swift */ = {isa = PBXFileReference; fileEncoding = 4; lastKnownFileType = sourcecode.swift; path = lax_der_privatekey_parsing.swift; sourceTree = "<group>"; };
		BC21BB102AF2D3F1005AC913 /* ecmult_static_context.swift */ = {isa = PBXFileReference; fileEncoding = 4; lastKnownFileType = sourcecode.swift; path = ecmult_static_context.swift; sourceTree = "<group>"; };
		BC21BB112AF2D3F1005AC913 /* ecmult_gen.swift */ = {isa = PBXFileReference; fileEncoding = 4; lastKnownFileType = sourcecode.swift; path = ecmult_gen.swift; sourceTree = "<group>"; };
		BC21BB122AF2D3F1005AC913 /* field_10x26.swift */ = {isa = PBXFileReference; fileEncoding = 4; lastKnownFileType = sourcecode.swift; path = field_10x26.swift; sourceTree = "<group>"; };
		BC21BB132AF2D3F1005AC913 /* ecdsa_impl.swift */ = {isa = PBXFileReference; fileEncoding = 4; lastKnownFileType = sourcecode.swift; path = ecdsa_impl.swift; sourceTree = "<group>"; };
		BC21BB142AF2D3F1005AC913 /* gen_context.swift */ = {isa = PBXFileReference; fileEncoding = 4; lastKnownFileType = sourcecode.swift; path = gen_context.swift; sourceTree = "<group>"; };
		BC21BB152AF2D3F1005AC913 /* group_impl.swift */ = {isa = PBXFileReference; fileEncoding = 4; lastKnownFileType = sourcecode.swift; path = group_impl.swift; sourceTree = "<group>"; };
		BC21BB162AF2D3F1005AC913 /* field_impl.swift */ = {isa = PBXFileReference; fileEncoding = 4; lastKnownFileType = sourcecode.swift; path = field_impl.swift; sourceTree = "<group>"; };
		BC21BB172AF2D3F1005AC913 /* scalar_8x32_impl.swift */ = {isa = PBXFileReference; fileEncoding = 4; lastKnownFileType = sourcecode.swift; path = scalar_8x32_impl.swift; sourceTree = "<group>"; };
		BC21BB182AF2D3F1005AC913 /* scalar_impl.swift */ = {isa = PBXFileReference; fileEncoding = 4; lastKnownFileType = sourcecode.swift; path = scalar_impl.swift; sourceTree = "<group>"; };
		BC21BB192AF2D3F1005AC913 /* hash_impl.swift */ = {isa = PBXFileReference; fileEncoding = 4; lastKnownFileType = sourcecode.swift; path = hash_impl.swift; sourceTree = "<group>"; };
		BC21BB1A2AF2D3F1005AC913 /* util.swift */ = {isa = PBXFileReference; fileEncoding = 4; lastKnownFileType = sourcecode.swift; path = util.swift; sourceTree = "<group>"; };
		BC21BB1B2AF2D3F1005AC913 /* secp256k1.swift */ = {isa = PBXFileReference; fileEncoding = 4; lastKnownFileType = sourcecode.swift; path = secp256k1.swift; sourceTree = "<group>"; };
		BC21BB1C2AF2D3F1005AC913 /* ecmult_const_impl.swift */ = {isa = PBXFileReference; fileEncoding = 4; lastKnownFileType = sourcecode.swift; path = ecmult_const_impl.swift; sourceTree = "<group>"; };
		BC21BB1D2AF2D3F1005AC913 /* group.swift */ = {isa = PBXFileReference; fileEncoding = 4; lastKnownFileType = sourcecode.swift; path = group.swift; sourceTree = "<group>"; };
		BC21BB1E2AF2D3F1005AC913 /* ecmult.swift */ = {isa = PBXFileReference; fileEncoding = 4; lastKnownFileType = sourcecode.swift; path = ecmult.swift; sourceTree = "<group>"; };
		BC21BB1F2AF2D3F1005AC913 /* recovery.swift */ = {isa = PBXFileReference; fileEncoding = 4; lastKnownFileType = sourcecode.swift; path = recovery.swift; sourceTree = "<group>"; };
		BC21BB202AF2D3F1005AC913 /* scalar_8x32.swift */ = {isa = PBXFileReference; fileEncoding = 4; lastKnownFileType = sourcecode.swift; path = scalar_8x32.swift; sourceTree = "<group>"; };
		BC21BB212AF2D3F1005AC913 /* lax_der_parsing.swift */ = {isa = PBXFileReference; fileEncoding = 4; lastKnownFileType = sourcecode.swift; path = lax_der_parsing.swift; sourceTree = "<group>"; };
		BC21BB222AF2D3F1005AC913 /* ecmult_gen_impl.swift */ = {isa = PBXFileReference; fileEncoding = 4; lastKnownFileType = sourcecode.swift; path = ecmult_gen_impl.swift; sourceTree = "<group>"; };
		BC21BB232AF2D3F1005AC913 /* PBHex.swift */ = {isa = PBXFileReference; fileEncoding = 4; lastKnownFileType = sourcecode.swift; path = PBHex.swift; sourceTree = "<group>"; };
		BC21BB242AF2D3F1005AC913 /* field_10x26_impl.swift */ = {isa = PBXFileReference; fileEncoding = 4; lastKnownFileType = sourcecode.swift; path = field_10x26_impl.swift; sourceTree = "<group>"; };
		BC21BB252AF2D3F1005AC913 /* ecmult_impl.swift */ = {isa = PBXFileReference; fileEncoding = 4; lastKnownFileType = sourcecode.swift; path = ecmult_impl.swift; sourceTree = "<group>"; };
		BC21BB262AF2D3F1005AC913 /* PBInt.swift */ = {isa = PBXFileReference; fileEncoding = 4; lastKnownFileType = sourcecode.swift; path = PBInt.swift; sourceTree = "<group>"; };
		BC21BB272AF2D3F1005AC913 /* BTCKeychainType.swift */ = {isa = PBXFileReference; fileEncoding = 4; lastKnownFileType = sourcecode.swift; path = BTCKeychainType.swift; sourceTree = "<group>"; };
		BC21BB282AF2D3F1005AC913 /* RIPEMD160.swift */ = {isa = PBXFileReference; fileEncoding = 4; lastKnownFileType = sourcecode.swift; path = RIPEMD160.swift; sourceTree = "<group>"; };
		BC21BB292AF2D3F1005AC913 /* Mnemonic.swift */ = {isa = PBXFileReference; fileEncoding = 4; lastKnownFileType = sourcecode.swift; path = Mnemonic.swift; sourceTree = "<group>"; };
		BC21BB2A2AF2D3F1005AC913 /* PBKDF2.swift */ = {isa = PBXFileReference; fileEncoding = 4; lastKnownFileType = sourcecode.swift; path = PBKDF2.swift; sourceTree = "<group>"; };
		BC21BB2B2AF2D3F1005AC913 /* String+Bitcoin.swift */ = {isa = PBXFileReference; fileEncoding = 4; lastKnownFileType = sourcecode.swift; path = "String+Bitcoin.swift"; sourceTree = "<group>"; };
		BC21BB2C2AF2D3F1005AC913 /* SMP.swift */ = {isa = PBXFileReference; fileEncoding = 4; lastKnownFileType = sourcecode.swift; path = SMP.swift; sourceTree = "<group>"; };
		BC21BB2D2AF2D3F1005AC913 /* SegwitAddrCoder.swift */ = {isa = PBXFileReference; fileEncoding = 4; lastKnownFileType = sourcecode.swift; path = SegwitAddrCoder.swift; sourceTree = "<group>"; };
		BC21BB2E2AF2D3F1005AC913 /* Bech32.swift */ = {isa = PBXFileReference; fileEncoding = 4; lastKnownFileType = sourcecode.swift; path = Bech32.swift; sourceTree = "<group>"; };
		BC21BB5C2AF2D414005AC913 /* BTC_WalletTests-Bridging-Header.h */ = {isa = PBXFileReference; lastKnownFileType = sourcecode.c.h; path = "BTC_WalletTests-Bridging-Header.h"; sourceTree = "<group>"; };
		BC21BB5D2AF2D415005AC913 /* Base58Tests.swift */ = {isa = PBXFileReference; fileEncoding = 4; lastKnownFileType = sourcecode.swift; path = Base58Tests.swift; sourceTree = "<group>"; };
		BC21BB5E2AF2D415005AC913 /* BTCKeyTests.swift */ = {isa = PBXFileReference; fileEncoding = 4; lastKnownFileType = sourcecode.swift; path = BTCKeyTests.swift; sourceTree = "<group>"; };
		BC21BB5F2AF2D415005AC913 /* MnemonicTests.swift */ = {isa = PBXFileReference; fileEncoding = 4; lastKnownFileType = sourcecode.swift; path = MnemonicTests.swift; sourceTree = "<group>"; };
		BC21BB602AF2D415005AC913 /* BTCKeychainTests.swift */ = {isa = PBXFileReference; fileEncoding = 4; lastKnownFileType = sourcecode.swift; path = BTCKeychainTests.swift; sourceTree = "<group>"; };
		BC21BB612AF2D415005AC913 /* BTCCurveTests.swift */ = {isa = PBXFileReference; fileEncoding = 4; lastKnownFileType = sourcecode.swift; path = BTCCurveTests.swift; sourceTree = "<group>"; };
		BC21BB6A2AF2D62D005AC913 /* MnemonicViewModel.swift */ = {isa = PBXFileReference; fileEncoding = 4; lastKnownFileType = sourcecode.swift; path = MnemonicViewModel.swift; sourceTree = "<group>"; };
		BC21BB6C2AF2D63F005AC913 /* MnemonicView.swift */ = {isa = PBXFileReference; fileEncoding = 4; lastKnownFileType = sourcecode.swift; path = MnemonicView.swift; sourceTree = "<group>"; };
		BC21BB6E2AF2D644005AC913 /* MnemonicWordView.swift */ = {isa = PBXFileReference; fileEncoding = 4; lastKnownFileType = sourcecode.swift; path = MnemonicWordView.swift; sourceTree = "<group>"; };
		BC21BB702AF2D66D005AC913 /* SettingsView.swift */ = {isa = PBXFileReference; fileEncoding = 4; lastKnownFileType = sourcecode.swift; path = SettingsView.swift; sourceTree = "<group>"; };
		BC21BB722AF2D679005AC913 /* SettingsViewModel.swift */ = {isa = PBXFileReference; fileEncoding = 4; lastKnownFileType = sourcecode.swift; path = SettingsViewModel.swift; sourceTree = "<group>"; };
		BC21BB742AF2D6B1005AC913 /* WebView.swift */ = {isa = PBXFileReference; fileEncoding = 4; lastKnownFileType = sourcecode.swift; path = WebView.swift; sourceTree = "<group>"; };
		BC21BB762AF2E09D005AC913 /* SendView.swift */ = {isa = PBXFileReference; fileEncoding = 4; lastKnownFileType = sourcecode.swift; path = SendView.swift; sourceTree = "<group>"; };
		BC21BB782AF2E0CC005AC913 /* SendViewModel.swift */ = {isa = PBXFileReference; fileEncoding = 4; lastKnownFileType = sourcecode.swift; path = SendViewModel.swift; sourceTree = "<group>"; };
		BC21BB7A2AF2E106005AC913 /* RecipientView.swift */ = {isa = PBXFileReference; fileEncoding = 4; lastKnownFileType = sourcecode.swift; path = RecipientView.swift; sourceTree = "<group>"; };
		BC21BB7C2AF2E11E005AC913 /* RecipientViewModel.swift */ = {isa = PBXFileReference; fileEncoding = 4; lastKnownFileType = sourcecode.swift; path = RecipientViewModel.swift; sourceTree = "<group>"; };
		BC21BB7E2AF2E128005AC913 /* SectionHeaderView.swift */ = {isa = PBXFileReference; fileEncoding = 4; lastKnownFileType = sourcecode.swift; path = SectionHeaderView.swift; sourceTree = "<group>"; };
		BC21BB802AF2F074005AC913 /* WalletsView.swift */ = {isa = PBXFileReference; lastKnownFileType = sourcecode.swift; path = WalletsView.swift; sourceTree = "<group>"; };
		BC21BB822AF2F15E005AC913 /* WalletView.swift */ = {isa = PBXFileReference; lastKnownFileType = sourcecode.swift; path = WalletView.swift; sourceTree = "<group>"; };
		BC21BB842AF2F57F005AC913 /* WalletsViewModel.swift */ = {isa = PBXFileReference; lastKnownFileType = sourcecode.swift; path = WalletsViewModel.swift; sourceTree = "<group>"; };
		BCE06A222AFD3EE200F5F415 /* ButtonX.swift */ = {isa = PBXFileReference; lastKnownFileType = sourcecode.swift; path = ButtonX.swift; sourceTree = "<group>"; };
		BCE06A252B02B37900F5F415 /* ButtonStyles.swift */ = {isa = PBXFileReference; lastKnownFileType = sourcecode.swift; path = ButtonStyles.swift; sourceTree = "<group>"; };
		BCE06A272B03D06D00F5F415 /* Localizable.strings */ = {isa = PBXFileReference; lastKnownFileType = text.plist.strings; path = Localizable.strings; sourceTree = "<group>"; };
		BCE06A292B05485300F5F415 /* WalletViewModel.swift */ = {isa = PBXFileReference; lastKnownFileType = sourcecode.swift; path = WalletViewModel.swift; sourceTree = "<group>"; };
		BCE06A2C2B0562C200F5F415 /* QuizVMTests.swift */ = {isa = PBXFileReference; lastKnownFileType = sourcecode.swift; path = QuizVMTests.swift; sourceTree = "<group>"; };
		BCFD2D842AF44A7200A9A94E /* QuizView.swift */ = {isa = PBXFileReference; lastKnownFileType = sourcecode.swift; path = QuizView.swift; sourceTree = "<group>"; };
		BCFD2D862AF44A9300A9A94E /* QuizViewModel.swift */ = {isa = PBXFileReference; lastKnownFileType = sourcecode.swift; path = QuizViewModel.swift; sourceTree = "<group>"; };
		BCFD2D882AF5AFC100A9A94E /* BTC_Wallet.xctestplan */ = {isa = PBXFileReference; lastKnownFileType = text; path = BTC_Wallet.xctestplan; sourceTree = "<group>"; };
/* End PBXFileReference section */

/* Begin PBXFrameworksBuildPhase section */
		BC21BAD02AF2D397005AC913 /* Frameworks */ = {
			isa = PBXFrameworksBuildPhase;
			buildActionMask = 2147483647;
			files = (
				BCE06A212AFACE9300F5F415 /* CodeScanner in Frameworks */,
			);
			runOnlyForDeploymentPostprocessing = 0;
		};
		BC21BAE02AF2D399005AC913 /* Frameworks */ = {
			isa = PBXFrameworksBuildPhase;
			buildActionMask = 2147483647;
			files = (
			);
			runOnlyForDeploymentPostprocessing = 0;
		};
		BC21BAEA2AF2D399005AC913 /* Frameworks */ = {
			isa = PBXFrameworksBuildPhase;
			buildActionMask = 2147483647;
			files = (
			);
			runOnlyForDeploymentPostprocessing = 0;
		};
/* End PBXFrameworksBuildPhase section */

/* Begin PBXGroup section */
		BC21BACA2AF2D396005AC913 = {
			isa = PBXGroup;
			children = (
				BCFD2D882AF5AFC100A9A94E /* BTC_Wallet.xctestplan */,
				BC21BAD52AF2D397005AC913 /* BTC_Wallet */,
				BC21BAE62AF2D399005AC913 /* BTC_WalletTests */,
				BC21BAF02AF2D399005AC913 /* BTC_WalletUITests */,
				BC21BAD42AF2D397005AC913 /* Products */,
			);
			sourceTree = "<group>";
		};
		BC21BAD42AF2D397005AC913 /* Products */ = {
			isa = PBXGroup;
			children = (
				BC21BAD32AF2D397005AC913 /* BTC_Wallet.app */,
				BC21BAE32AF2D399005AC913 /* BTC_WalletTests.xctest */,
				BC21BAED2AF2D399005AC913 /* BTC_WalletUITests.xctest */,
			);
			name = Products;
			sourceTree = "<group>";
		};
		BC21BAD52AF2D397005AC913 /* BTC_Wallet */ = {
			isa = PBXGroup;
			children = (
				BCE06A242AFD3EE700F5F415 /* Components */,
				BC21BB692AF2D5C2005AC913 /* ViewModels */,
				BC21BB682AF2D5B4005AC913 /* Models */,
				BC21BB672AF2D573005AC913 /* Views */,
				BC21BB002AF2D3F1005AC913 /* BitcoinUtils */,
				BC21BAD62AF2D397005AC913 /* BTC_WalletApp.swift */,
				BC21BADA2AF2D399005AC913 /* Assets.xcassets */,
				BC21BADC2AF2D399005AC913 /* Preview Content */,
				BCE06A272B03D06D00F5F415 /* Localizable.strings */,
			);
			path = BTC_Wallet;
			sourceTree = "<group>";
		};
		BC21BADC2AF2D399005AC913 /* Preview Content */ = {
			isa = PBXGroup;
			children = (
				BC21BADD2AF2D399005AC913 /* Preview Assets.xcassets */,
			);
			path = "Preview Content";
			sourceTree = "<group>";
		};
		BC21BAE62AF2D399005AC913 /* BTC_WalletTests */ = {
			isa = PBXGroup;
			children = (
				BCE06A2B2B05616E00F5F415 /* ViewModels */,
				BC21BB5D2AF2D415005AC913 /* Base58Tests.swift */,
				BC21BB612AF2D415005AC913 /* BTCCurveTests.swift */,
				BC21BB602AF2D415005AC913 /* BTCKeychainTests.swift */,
				BC21BB5E2AF2D415005AC913 /* BTCKeyTests.swift */,
				BC21BB5F2AF2D415005AC913 /* MnemonicTests.swift */,
				BC21BB5C2AF2D414005AC913 /* BTC_WalletTests-Bridging-Header.h */,
			);
			path = BTC_WalletTests;
			sourceTree = "<group>";
		};
		BC21BAF02AF2D399005AC913 /* BTC_WalletUITests */ = {
			isa = PBXGroup;
			children = (
				BC21BAF12AF2D399005AC913 /* BTC_WalletUITests.swift */,
				BC21BAF32AF2D399005AC913 /* BTC_WalletUITestsLaunchTests.swift */,
			);
			path = BTC_WalletUITests;
			sourceTree = "<group>";
		};
		BC21BB002AF2D3F1005AC913 /* BitcoinUtils */ = {
			isa = PBXGroup;
			children = (
				BC21BB012AF2D3F1005AC913 /* WordList.swift */,
				BC21BB022AF2D3F1005AC913 /* SMP+Bitcoin.swift */,
				BC21BB032AF2D3F1005AC913 /* ExtendedPublicKey.swift */,
				BC21BB042AF2D3F1005AC913 /* ExtendedPrivateKey.swift */,
				BC21BB052AF2D3F1005AC913 /* BTCCurve.swift */,
				BC21BB062AF2D3F1005AC913 /* BTCNetwork.swift */,
				BC21BB072AF2D3F1005AC913 /* SHA256.swift */,
				BC21BB082AF2D3F1005AC913 /* BTCKeychain.swift */,
				BC21BB092AF2D3F1005AC913 /* KeychainPasswordItem.swift */,
				BC21BB0A2AF2D3F1005AC913 /* BTCkOP_CODES.swift */,
				BC21BB0B2AF2D3F1005AC913 /* Data+Bitcoin.swift */,
				BC21BB0C2AF2D3F1005AC913 /* secp256k1 */,
				BC21BB272AF2D3F1005AC913 /* BTCKeychainType.swift */,
				BC21BB282AF2D3F1005AC913 /* RIPEMD160.swift */,
				BC21BB292AF2D3F1005AC913 /* Mnemonic.swift */,
				BC21BB2A2AF2D3F1005AC913 /* PBKDF2.swift */,
				BC21BB2B2AF2D3F1005AC913 /* String+Bitcoin.swift */,
				BC21BB2C2AF2D3F1005AC913 /* SMP.swift */,
				BC21BB2D2AF2D3F1005AC913 /* SegwitAddrCoder.swift */,
				BC21BB2E2AF2D3F1005AC913 /* Bech32.swift */,
			);
			path = BitcoinUtils;
			sourceTree = "<group>";
		};
		BC21BB0C2AF2D3F1005AC913 /* secp256k1 */ = {
			isa = PBXGroup;
			children = (
				BC21BB0D2AF2D3F1005AC913 /* eckey_impl.swift */,
				BC21BB0E2AF2D3F1005AC913 /* hash.swift */,
				BC21BB0F2AF2D3F1005AC913 /* lax_der_privatekey_parsing.swift */,
				BC21BB102AF2D3F1005AC913 /* ecmult_static_context.swift */,
				BC21BB112AF2D3F1005AC913 /* ecmult_gen.swift */,
				BC21BB122AF2D3F1005AC913 /* field_10x26.swift */,
				BC21BB132AF2D3F1005AC913 /* ecdsa_impl.swift */,
				BC21BB142AF2D3F1005AC913 /* gen_context.swift */,
				BC21BB152AF2D3F1005AC913 /* group_impl.swift */,
				BC21BB162AF2D3F1005AC913 /* field_impl.swift */,
				BC21BB172AF2D3F1005AC913 /* scalar_8x32_impl.swift */,
				BC21BB182AF2D3F1005AC913 /* scalar_impl.swift */,
				BC21BB192AF2D3F1005AC913 /* hash_impl.swift */,
				BC21BB1A2AF2D3F1005AC913 /* util.swift */,
				BC21BB1B2AF2D3F1005AC913 /* secp256k1.swift */,
				BC21BB1C2AF2D3F1005AC913 /* ecmult_const_impl.swift */,
				BC21BB1D2AF2D3F1005AC913 /* group.swift */,
				BC21BB1E2AF2D3F1005AC913 /* ecmult.swift */,
				BC21BB1F2AF2D3F1005AC913 /* recovery.swift */,
				BC21BB202AF2D3F1005AC913 /* scalar_8x32.swift */,
				BC21BB212AF2D3F1005AC913 /* lax_der_parsing.swift */,
				BC21BB222AF2D3F1005AC913 /* ecmult_gen_impl.swift */,
				BC21BB232AF2D3F1005AC913 /* PBHex.swift */,
				BC21BB242AF2D3F1005AC913 /* field_10x26_impl.swift */,
				BC21BB252AF2D3F1005AC913 /* ecmult_impl.swift */,
				BC21BB262AF2D3F1005AC913 /* PBInt.swift */,
			);
			path = secp256k1;
			sourceTree = "<group>";
		};
		BC21BB672AF2D573005AC913 /* Views */ = {
			isa = PBXGroup;
			children = (
				BC21BB7E2AF2E128005AC913 /* SectionHeaderView.swift */,
				BC21BB7A2AF2E106005AC913 /* RecipientView.swift */,
				BC21BB762AF2E09D005AC913 /* SendView.swift */,
				BC21BB742AF2D6B1005AC913 /* WebView.swift */,
				BC21BB702AF2D66D005AC913 /* SettingsView.swift */,
				BC21BB6E2AF2D644005AC913 /* MnemonicWordView.swift */,
				BC21BB6C2AF2D63F005AC913 /* MnemonicView.swift */,
				BC21BAD82AF2D397005AC913 /* ContentView.swift */,
				BC21BB802AF2F074005AC913 /* WalletsView.swift */,
				BC21BB822AF2F15E005AC913 /* WalletView.swift */,
				BCFD2D842AF44A7200A9A94E /* QuizView.swift */,
			);
			path = Views;
			sourceTree = "<group>";
		};
		BC21BB682AF2D5B4005AC913 /* Models */ = {
			isa = PBXGroup;
			children = (
			);
			path = Models;
			sourceTree = "<group>";
		};
		BC21BB692AF2D5C2005AC913 /* ViewModels */ = {
			isa = PBXGroup;
			children = (
				BC21BB7C2AF2E11E005AC913 /* RecipientViewModel.swift */,
				BC21BB782AF2E0CC005AC913 /* SendViewModel.swift */,
				BC21BB6A2AF2D62D005AC913 /* MnemonicViewModel.swift */,
				BC21BB722AF2D679005AC913 /* SettingsViewModel.swift */,
				BC21BB842AF2F57F005AC913 /* WalletsViewModel.swift */,
				BCFD2D862AF44A9300A9A94E /* QuizViewModel.swift */,
				BCE06A292B05485300F5F415 /* WalletViewModel.swift */,
			);
			path = ViewModels;
			sourceTree = "<group>";
		};
		BCE06A242AFD3EE700F5F415 /* Components */ = {
			isa = PBXGroup;
			children = (
				BCE06A222AFD3EE200F5F415 /* ButtonX.swift */,
				BCE06A252B02B37900F5F415 /* ButtonStyles.swift */,
			);
			path = Components;
			sourceTree = "<group>";
		};
		BCE06A2B2B05616E00F5F415 /* ViewModels */ = {
			isa = PBXGroup;
			children = (
				BCE06A2C2B0562C200F5F415 /* QuizVMTests.swift */,
			);
			path = ViewModels;
			sourceTree = "<group>";
		};
/* End PBXGroup section */

/* Begin PBXNativeTarget section */
		BC21BAD22AF2D397005AC913 /* BTC_Wallet */ = {
			isa = PBXNativeTarget;
			buildConfigurationList = BC21BAF72AF2D399005AC913 /* Build configuration list for PBXNativeTarget "BTC_Wallet" */;
			buildPhases = (
				BC21BACF2AF2D397005AC913 /* Sources */,
				BC21BAD02AF2D397005AC913 /* Frameworks */,
				BC21BAD12AF2D397005AC913 /* Resources */,
			);
			buildRules = (
			);
			dependencies = (
			);
			name = BTC_Wallet;
			packageProductDependencies = (
				BCE06A202AFACE9300F5F415 /* CodeScanner */,
			);
			productName = BTC_Wallet;
			productReference = BC21BAD32AF2D397005AC913 /* BTC_Wallet.app */;
			productType = "com.apple.product-type.application";
		};
		BC21BAE22AF2D399005AC913 /* BTC_WalletTests */ = {
			isa = PBXNativeTarget;
			buildConfigurationList = BC21BAFA2AF2D399005AC913 /* Build configuration list for PBXNativeTarget "BTC_WalletTests" */;
			buildPhases = (
				BC21BADF2AF2D399005AC913 /* Sources */,
				BC21BAE02AF2D399005AC913 /* Frameworks */,
				BC21BAE12AF2D399005AC913 /* Resources */,
			);
			buildRules = (
			);
			dependencies = (
				BC21BAE52AF2D399005AC913 /* PBXTargetDependency */,
			);
			name = BTC_WalletTests;
			productName = BTC_WalletTests;
			productReference = BC21BAE32AF2D399005AC913 /* BTC_WalletTests.xctest */;
			productType = "com.apple.product-type.bundle.unit-test";
		};
		BC21BAEC2AF2D399005AC913 /* BTC_WalletUITests */ = {
			isa = PBXNativeTarget;
			buildConfigurationList = BC21BAFD2AF2D399005AC913 /* Build configuration list for PBXNativeTarget "BTC_WalletUITests" */;
			buildPhases = (
				BC21BAE92AF2D399005AC913 /* Sources */,
				BC21BAEA2AF2D399005AC913 /* Frameworks */,
				BC21BAEB2AF2D399005AC913 /* Resources */,
			);
			buildRules = (
			);
			dependencies = (
				BC21BAEF2AF2D399005AC913 /* PBXTargetDependency */,
			);
			name = BTC_WalletUITests;
			productName = BTC_WalletUITests;
			productReference = BC21BAED2AF2D399005AC913 /* BTC_WalletUITests.xctest */;
			productType = "com.apple.product-type.bundle.ui-testing";
		};
/* End PBXNativeTarget section */

/* Begin PBXProject section */
		BC21BACB2AF2D396005AC913 /* Project object */ = {
			isa = PBXProject;
			attributes = {
				BuildIndependentTargetsInParallel = 1;
				LastSwiftUpdateCheck = 1430;
				LastUpgradeCheck = 1430;
				TargetAttributes = {
					BC21BAD22AF2D397005AC913 = {
						CreatedOnToolsVersion = 14.3.1;
					};
					BC21BAE22AF2D399005AC913 = {
						CreatedOnToolsVersion = 14.3.1;
						LastSwiftMigration = 1430;
						TestTargetID = BC21BAD22AF2D397005AC913;
					};
					BC21BAEC2AF2D399005AC913 = {
						CreatedOnToolsVersion = 14.3.1;
						TestTargetID = BC21BAD22AF2D397005AC913;
					};
				};
			};
			buildConfigurationList = BC21BACE2AF2D396005AC913 /* Build configuration list for PBXProject "BTC_Wallet" */;
			compatibilityVersion = "Xcode 14.0";
			developmentRegion = en;
			hasScannedForEncodings = 0;
			knownRegions = (
				en,
				Base,
			);
			mainGroup = BC21BACA2AF2D396005AC913;
			packageReferences = (
				BCE06A1F2AFACE9300F5F415 /* XCRemoteSwiftPackageReference "CodeScanner" */,
			);
			productRefGroup = BC21BAD42AF2D397005AC913 /* Products */;
			projectDirPath = "";
			projectRoot = "";
			targets = (
				BC21BAD22AF2D397005AC913 /* BTC_Wallet */,
				BC21BAE22AF2D399005AC913 /* BTC_WalletTests */,
				BC21BAEC2AF2D399005AC913 /* BTC_WalletUITests */,
			);
		};
/* End PBXProject section */

/* Begin PBXResourcesBuildPhase section */
		BC21BAD12AF2D397005AC913 /* Resources */ = {
			isa = PBXResourcesBuildPhase;
			buildActionMask = 2147483647;
			files = (
				BC21BADE2AF2D399005AC913 /* Preview Assets.xcassets in Resources */,
				BCE06A282B03D06D00F5F415 /* Localizable.strings in Resources */,
				BC21BADB2AF2D399005AC913 /* Assets.xcassets in Resources */,
			);
			runOnlyForDeploymentPostprocessing = 0;
		};
		BC21BAE12AF2D399005AC913 /* Resources */ = {
			isa = PBXResourcesBuildPhase;
			buildActionMask = 2147483647;
			files = (
			);
			runOnlyForDeploymentPostprocessing = 0;
		};
		BC21BAEB2AF2D399005AC913 /* Resources */ = {
			isa = PBXResourcesBuildPhase;
			buildActionMask = 2147483647;
			files = (
			);
			runOnlyForDeploymentPostprocessing = 0;
		};
/* End PBXResourcesBuildPhase section */

/* Begin PBXSourcesBuildPhase section */
		BC21BACF2AF2D397005AC913 /* Sources */ = {
			isa = PBXSourcesBuildPhase;
			buildActionMask = 2147483647;
			files = (
				BC21BB3C2AF2D3F2005AC913 /* lax_der_privatekey_parsing.swift in Sources */,
				BC21BB852AF2F57F005AC913 /* WalletsViewModel.swift in Sources */,
				BC21BB462AF2D3F2005AC913 /* hash_impl.swift in Sources */,
				BC21BB322AF2D3F1005AC913 /* ExtendedPrivateKey.swift in Sources */,
				BC21BB3F2AF2D3F2005AC913 /* field_10x26.swift in Sources */,
				BC21BB792AF2E0CC005AC913 /* SendViewModel.swift in Sources */,
				BC21BB6B2AF2D62D005AC913 /* MnemonicViewModel.swift in Sources */,
				BC21BAD92AF2D397005AC913 /* ContentView.swift in Sources */,
				BC21BB572AF2D3F2005AC913 /* PBKDF2.swift in Sources */,
				BC21BB592AF2D3F2005AC913 /* SMP.swift in Sources */,
				BC21BAD72AF2D397005AC913 /* BTC_WalletApp.swift in Sources */,
				BC21BB532AF2D3F2005AC913 /* PBInt.swift in Sources */,
				BC21BB832AF2F15E005AC913 /* WalletView.swift in Sources */,
				BC21BB6F2AF2D645005AC913 /* MnemonicWordView.swift in Sources */,
				BC21BB542AF2D3F2005AC913 /* BTCKeychainType.swift in Sources */,
				BC21BB3A2AF2D3F2005AC913 /* eckey_impl.swift in Sources */,
				BC21BB362AF2D3F1005AC913 /* BTCKeychain.swift in Sources */,
				BC21BB7F2AF2E128005AC913 /* SectionHeaderView.swift in Sources */,
				BC21BB2F2AF2D3F1005AC913 /* WordList.swift in Sources */,
				BC21BB5A2AF2D3F2005AC913 /* SegwitAddrCoder.swift in Sources */,
				BC21BB402AF2D3F2005AC913 /* ecdsa_impl.swift in Sources */,
				BC21BB6D2AF2D63F005AC913 /* MnemonicView.swift in Sources */,
				BC21BB492AF2D3F2005AC913 /* ecmult_const_impl.swift in Sources */,
				BC21BB522AF2D3F2005AC913 /* ecmult_impl.swift in Sources */,
				BC21BB432AF2D3F2005AC913 /* field_impl.swift in Sources */,
				BC21BB382AF2D3F2005AC913 /* BTCkOP_CODES.swift in Sources */,
				BC21BB582AF2D3F2005AC913 /* String+Bitcoin.swift in Sources */,
				BC21BB4A2AF2D3F2005AC913 /* group.swift in Sources */,
				BC21BB472AF2D3F2005AC913 /* util.swift in Sources */,
				BC21BB812AF2F074005AC913 /* WalletsView.swift in Sources */,
				BCFD2D872AF44A9300A9A94E /* QuizViewModel.swift in Sources */,
				BC21BB3B2AF2D3F2005AC913 /* hash.swift in Sources */,
				BC21BB442AF2D3F2005AC913 /* scalar_8x32_impl.swift in Sources */,
				BCE06A262B02B37900F5F415 /* ButtonStyles.swift in Sources */,
				BC21BB452AF2D3F2005AC913 /* scalar_impl.swift in Sources */,
				BC21BB392AF2D3F2005AC913 /* Data+Bitcoin.swift in Sources */,
				BC21BB412AF2D3F2005AC913 /* gen_context.swift in Sources */,
				BC21BB422AF2D3F2005AC913 /* group_impl.swift in Sources */,
				BC21BB7D2AF2E11E005AC913 /* RecipientViewModel.swift in Sources */,
				BCE06A2A2B05485300F5F415 /* WalletViewModel.swift in Sources */,
				BC21BB4D2AF2D3F2005AC913 /* scalar_8x32.swift in Sources */,
				BC21BB302AF2D3F1005AC913 /* SMP+Bitcoin.swift in Sources */,
				BC21BB752AF2D6B1005AC913 /* WebView.swift in Sources */,
				BC21BB3D2AF2D3F2005AC913 /* ecmult_static_context.swift in Sources */,
				BCFD2D852AF44A7200A9A94E /* QuizView.swift in Sources */,
				BC21BB4B2AF2D3F2005AC913 /* ecmult.swift in Sources */,
				BC21BB502AF2D3F2005AC913 /* PBHex.swift in Sources */,
				BC21BB4C2AF2D3F2005AC913 /* recovery.swift in Sources */,
				BC21BB772AF2E09D005AC913 /* SendView.swift in Sources */,
				BC21BB3E2AF2D3F2005AC913 /* ecmult_gen.swift in Sources */,
				BC21BB482AF2D3F2005AC913 /* secp256k1.swift in Sources */,
				BC21BB712AF2D66E005AC913 /* SettingsView.swift in Sources */,
				BC21BB352AF2D3F1005AC913 /* SHA256.swift in Sources */,
				BC21BB7B2AF2E106005AC913 /* RecipientView.swift in Sources */,
				BC21BB312AF2D3F1005AC913 /* ExtendedPublicKey.swift in Sources */,
				BC21BB512AF2D3F2005AC913 /* field_10x26_impl.swift in Sources */,
				BC21BB4F2AF2D3F2005AC913 /* ecmult_gen_impl.swift in Sources */,
				BC21BB5B2AF2D3F2005AC913 /* Bech32.swift in Sources */,
				BC21BB552AF2D3F2005AC913 /* RIPEMD160.swift in Sources */,
				BC21BB342AF2D3F1005AC913 /* BTCNetwork.swift in Sources */,
				BC21BB732AF2D679005AC913 /* SettingsViewModel.swift in Sources */,
				BC21BB332AF2D3F1005AC913 /* BTCCurve.swift in Sources */,
				BCE06A232AFD3EE200F5F415 /* ButtonX.swift in Sources */,
				BC21BB562AF2D3F2005AC913 /* Mnemonic.swift in Sources */,
				BC21BB4E2AF2D3F2005AC913 /* lax_der_parsing.swift in Sources */,
				BC21BB372AF2D3F1005AC913 /* KeychainPasswordItem.swift in Sources */,
			);
			runOnlyForDeploymentPostprocessing = 0;
		};
		BC21BADF2AF2D399005AC913 /* Sources */ = {
			isa = PBXSourcesBuildPhase;
			buildActionMask = 2147483647;
			files = (
				BCE06A2D2B0562C200F5F415 /* QuizVMTests.swift in Sources */,
				BC21BB642AF2D415005AC913 /* MnemonicTests.swift in Sources */,
				BC21BB652AF2D415005AC913 /* BTCKeychainTests.swift in Sources */,
				BC21BB622AF2D415005AC913 /* Base58Tests.swift in Sources */,
				BC21BB662AF2D415005AC913 /* BTCCurveTests.swift in Sources */,
				BC21BB632AF2D415005AC913 /* BTCKeyTests.swift in Sources */,
			);
			runOnlyForDeploymentPostprocessing = 0;
		};
		BC21BAE92AF2D399005AC913 /* Sources */ = {
			isa = PBXSourcesBuildPhase;
			buildActionMask = 2147483647;
			files = (
				BC21BAF22AF2D399005AC913 /* BTC_WalletUITests.swift in Sources */,
				BC21BAF42AF2D399005AC913 /* BTC_WalletUITestsLaunchTests.swift in Sources */,
			);
			runOnlyForDeploymentPostprocessing = 0;
		};
/* End PBXSourcesBuildPhase section */

/* Begin PBXTargetDependency section */
		BC21BAE52AF2D399005AC913 /* PBXTargetDependency */ = {
			isa = PBXTargetDependency;
			target = BC21BAD22AF2D397005AC913 /* BTC_Wallet */;
			targetProxy = BC21BAE42AF2D399005AC913 /* PBXContainerItemProxy */;
		};
		BC21BAEF2AF2D399005AC913 /* PBXTargetDependency */ = {
			isa = PBXTargetDependency;
			target = BC21BAD22AF2D397005AC913 /* BTC_Wallet */;
			targetProxy = BC21BAEE2AF2D399005AC913 /* PBXContainerItemProxy */;
		};
/* End PBXTargetDependency section */

/* Begin XCBuildConfiguration section */
		BC21BAF52AF2D399005AC913 /* Debug */ = {
			isa = XCBuildConfiguration;
			buildSettings = {
				ALWAYS_SEARCH_USER_PATHS = NO;
				CLANG_ANALYZER_NONNULL = YES;
				CLANG_ANALYZER_NUMBER_OBJECT_CONVERSION = YES_AGGRESSIVE;
				CLANG_CXX_LANGUAGE_STANDARD = "gnu++20";
				CLANG_ENABLE_MODULES = YES;
				CLANG_ENABLE_OBJC_ARC = YES;
				CLANG_ENABLE_OBJC_WEAK = YES;
				CLANG_WARN_BLOCK_CAPTURE_AUTORELEASING = YES;
				CLANG_WARN_BOOL_CONVERSION = YES;
				CLANG_WARN_COMMA = YES;
				CLANG_WARN_CONSTANT_CONVERSION = YES;
				CLANG_WARN_DEPRECATED_OBJC_IMPLEMENTATIONS = YES;
				CLANG_WARN_DIRECT_OBJC_ISA_USAGE = YES_ERROR;
				CLANG_WARN_DOCUMENTATION_COMMENTS = YES;
				CLANG_WARN_EMPTY_BODY = YES;
				CLANG_WARN_ENUM_CONVERSION = YES;
				CLANG_WARN_INFINITE_RECURSION = YES;
				CLANG_WARN_INT_CONVERSION = YES;
				CLANG_WARN_NON_LITERAL_NULL_CONVERSION = YES;
				CLANG_WARN_OBJC_IMPLICIT_RETAIN_SELF = YES;
				CLANG_WARN_OBJC_LITERAL_CONVERSION = YES;
				CLANG_WARN_OBJC_ROOT_CLASS = YES_ERROR;
				CLANG_WARN_QUOTED_INCLUDE_IN_FRAMEWORK_HEADER = YES;
				CLANG_WARN_RANGE_LOOP_ANALYSIS = YES;
				CLANG_WARN_STRICT_PROTOTYPES = YES;
				CLANG_WARN_SUSPICIOUS_MOVE = YES;
				CLANG_WARN_UNGUARDED_AVAILABILITY = YES_AGGRESSIVE;
				CLANG_WARN_UNREACHABLE_CODE = YES;
				CLANG_WARN__DUPLICATE_METHOD_MATCH = YES;
				COPY_PHASE_STRIP = NO;
				DEBUG_INFORMATION_FORMAT = dwarf;
				ENABLE_STRICT_OBJC_MSGSEND = YES;
				ENABLE_TESTABILITY = YES;
				GCC_C_LANGUAGE_STANDARD = gnu11;
				GCC_DYNAMIC_NO_PIC = NO;
				GCC_NO_COMMON_BLOCKS = YES;
				GCC_OPTIMIZATION_LEVEL = 0;
				GCC_PREPROCESSOR_DEFINITIONS = (
					"DEBUG=1",
					"$(inherited)",
				);
				GCC_WARN_64_TO_32_BIT_CONVERSION = YES;
				GCC_WARN_ABOUT_RETURN_TYPE = YES_ERROR;
				GCC_WARN_UNDECLARED_SELECTOR = YES;
				GCC_WARN_UNINITIALIZED_AUTOS = YES_AGGRESSIVE;
				GCC_WARN_UNUSED_FUNCTION = YES;
				GCC_WARN_UNUSED_VARIABLE = YES;
				IPHONEOS_DEPLOYMENT_TARGET = 16.4;
				MTL_ENABLE_DEBUG_INFO = INCLUDE_SOURCE;
				MTL_FAST_MATH = YES;
				ONLY_ACTIVE_ARCH = YES;
				SDKROOT = iphoneos;
				SWIFT_ACTIVE_COMPILATION_CONDITIONS = DEBUG;
				SWIFT_OPTIMIZATION_LEVEL = "-Onone";
			};
			name = Debug;
		};
		BC21BAF62AF2D399005AC913 /* Release */ = {
			isa = XCBuildConfiguration;
			buildSettings = {
				ALWAYS_SEARCH_USER_PATHS = NO;
				CLANG_ANALYZER_NONNULL = YES;
				CLANG_ANALYZER_NUMBER_OBJECT_CONVERSION = YES_AGGRESSIVE;
				CLANG_CXX_LANGUAGE_STANDARD = "gnu++20";
				CLANG_ENABLE_MODULES = YES;
				CLANG_ENABLE_OBJC_ARC = YES;
				CLANG_ENABLE_OBJC_WEAK = YES;
				CLANG_WARN_BLOCK_CAPTURE_AUTORELEASING = YES;
				CLANG_WARN_BOOL_CONVERSION = YES;
				CLANG_WARN_COMMA = YES;
				CLANG_WARN_CONSTANT_CONVERSION = YES;
				CLANG_WARN_DEPRECATED_OBJC_IMPLEMENTATIONS = YES;
				CLANG_WARN_DIRECT_OBJC_ISA_USAGE = YES_ERROR;
				CLANG_WARN_DOCUMENTATION_COMMENTS = YES;
				CLANG_WARN_EMPTY_BODY = YES;
				CLANG_WARN_ENUM_CONVERSION = YES;
				CLANG_WARN_INFINITE_RECURSION = YES;
				CLANG_WARN_INT_CONVERSION = YES;
				CLANG_WARN_NON_LITERAL_NULL_CONVERSION = YES;
				CLANG_WARN_OBJC_IMPLICIT_RETAIN_SELF = YES;
				CLANG_WARN_OBJC_LITERAL_CONVERSION = YES;
				CLANG_WARN_OBJC_ROOT_CLASS = YES_ERROR;
				CLANG_WARN_QUOTED_INCLUDE_IN_FRAMEWORK_HEADER = YES;
				CLANG_WARN_RANGE_LOOP_ANALYSIS = YES;
				CLANG_WARN_STRICT_PROTOTYPES = YES;
				CLANG_WARN_SUSPICIOUS_MOVE = YES;
				CLANG_WARN_UNGUARDED_AVAILABILITY = YES_AGGRESSIVE;
				CLANG_WARN_UNREACHABLE_CODE = YES;
				CLANG_WARN__DUPLICATE_METHOD_MATCH = YES;
				COPY_PHASE_STRIP = NO;
				DEBUG_INFORMATION_FORMAT = "dwarf-with-dsym";
				ENABLE_NS_ASSERTIONS = NO;
				ENABLE_STRICT_OBJC_MSGSEND = YES;
				GCC_C_LANGUAGE_STANDARD = gnu11;
				GCC_NO_COMMON_BLOCKS = YES;
				GCC_WARN_64_TO_32_BIT_CONVERSION = YES;
				GCC_WARN_ABOUT_RETURN_TYPE = YES_ERROR;
				GCC_WARN_UNDECLARED_SELECTOR = YES;
				GCC_WARN_UNINITIALIZED_AUTOS = YES_AGGRESSIVE;
				GCC_WARN_UNUSED_FUNCTION = YES;
				GCC_WARN_UNUSED_VARIABLE = YES;
				IPHONEOS_DEPLOYMENT_TARGET = 16.4;
				MTL_ENABLE_DEBUG_INFO = NO;
				MTL_FAST_MATH = YES;
				SDKROOT = iphoneos;
				SWIFT_COMPILATION_MODE = wholemodule;
				SWIFT_OPTIMIZATION_LEVEL = "-O";
				VALIDATE_PRODUCT = YES;
			};
			name = Release;
		};
		BC21BAF82AF2D399005AC913 /* Debug */ = {
			isa = XCBuildConfiguration;
			buildSettings = {
				ASSETCATALOG_COMPILER_APPICON_NAME = AppIcon;
				ASSETCATALOG_COMPILER_GLOBAL_ACCENT_COLOR_NAME = AccentColor;
				CODE_SIGN_STYLE = Automatic;
				CURRENT_PROJECT_VERSION = 1;
				DEVELOPMENT_ASSET_PATHS = "\"BTC_Wallet/Preview Content\"";
				DEVELOPMENT_TEAM = 59ASJ9CE64;
				ENABLE_PREVIEWS = YES;
				GENERATE_INFOPLIST_FILE = YES;
				INFOPLIST_KEY_UIApplicationSceneManifest_Generation = YES;
				INFOPLIST_KEY_UIApplicationSupportsIndirectInputEvents = YES;
				INFOPLIST_KEY_UILaunchScreen_Generation = YES;
				INFOPLIST_KEY_UISupportedInterfaceOrientations_iPad = "UIInterfaceOrientationPortrait UIInterfaceOrientationPortraitUpsideDown UIInterfaceOrientationLandscapeLeft UIInterfaceOrientationLandscapeRight";
				INFOPLIST_KEY_UISupportedInterfaceOrientations_iPhone = "UIInterfaceOrientationPortrait UIInterfaceOrientationLandscapeLeft UIInterfaceOrientationLandscapeRight";
				LD_RUNPATH_SEARCH_PATHS = (
					"$(inherited)",
					"@executable_path/Frameworks",
				);
				MARKETING_VERSION = 1.0;
				PRODUCT_BUNDLE_IDENTIFIER = "com.BCD.BTC-Wallet";
				PRODUCT_NAME = "$(TARGET_NAME)";
				SWIFT_EMIT_LOC_STRINGS = YES;
				SWIFT_VERSION = 5.0;
				TARGETED_DEVICE_FAMILY = "1,2";
			};
			name = Debug;
		};
		BC21BAF92AF2D399005AC913 /* Release */ = {
			isa = XCBuildConfiguration;
			buildSettings = {
				ASSETCATALOG_COMPILER_APPICON_NAME = AppIcon;
				ASSETCATALOG_COMPILER_GLOBAL_ACCENT_COLOR_NAME = AccentColor;
				CODE_SIGN_STYLE = Automatic;
				CURRENT_PROJECT_VERSION = 1;
				DEVELOPMENT_ASSET_PATHS = "\"BTC_Wallet/Preview Content\"";
				DEVELOPMENT_TEAM = 59ASJ9CE64;
				ENABLE_PREVIEWS = YES;
				GENERATE_INFOPLIST_FILE = YES;
				INFOPLIST_KEY_UIApplicationSceneManifest_Generation = YES;
				INFOPLIST_KEY_UIApplicationSupportsIndirectInputEvents = YES;
				INFOPLIST_KEY_UILaunchScreen_Generation = YES;
				INFOPLIST_KEY_UISupportedInterfaceOrientations_iPad = "UIInterfaceOrientationPortrait UIInterfaceOrientationPortraitUpsideDown UIInterfaceOrientationLandscapeLeft UIInterfaceOrientationLandscapeRight";
				INFOPLIST_KEY_UISupportedInterfaceOrientations_iPhone = "UIInterfaceOrientationPortrait UIInterfaceOrientationLandscapeLeft UIInterfaceOrientationLandscapeRight";
				LD_RUNPATH_SEARCH_PATHS = (
					"$(inherited)",
					"@executable_path/Frameworks",
				);
				MARKETING_VERSION = 1.0;
				PRODUCT_BUNDLE_IDENTIFIER = "com.BCD.BTC-Wallet";
				PRODUCT_NAME = "$(TARGET_NAME)";
				SWIFT_EMIT_LOC_STRINGS = YES;
				SWIFT_VERSION = 5.0;
				TARGETED_DEVICE_FAMILY = "1,2";
			};
			name = Release;
		};
		BC21BAFB2AF2D399005AC913 /* Debug */ = {
			isa = XCBuildConfiguration;
			buildSettings = {
				ALWAYS_EMBED_SWIFT_STANDARD_LIBRARIES = YES;
				BUNDLE_LOADER = "$(TEST_HOST)";
				CLANG_ENABLE_MODULES = YES;
				CODE_SIGN_STYLE = Automatic;
				CURRENT_PROJECT_VERSION = 1;
				DEVELOPMENT_TEAM = 59ASJ9CE64;
				GENERATE_INFOPLIST_FILE = YES;
				IPHONEOS_DEPLOYMENT_TARGET = 16.4;
				MARKETING_VERSION = 1.0;
				PRODUCT_BUNDLE_IDENTIFIER = "com.BCD.BTC-WalletTests";
				PRODUCT_NAME = "$(TARGET_NAME)";
				SWIFT_EMIT_LOC_STRINGS = NO;
				SWIFT_OBJC_BRIDGING_HEADER = "BTC_WalletTests/BTC_WalletTests-Bridging-Header.h";
				SWIFT_OPTIMIZATION_LEVEL = "-Onone";
				SWIFT_VERSION = 5.0;
				TARGETED_DEVICE_FAMILY = "1,2";
				TEST_HOST = "$(BUILT_PRODUCTS_DIR)/BTC_Wallet.app/$(BUNDLE_EXECUTABLE_FOLDER_PATH)/BTC_Wallet";
			};
			name = Debug;
		};
		BC21BAFC2AF2D399005AC913 /* Release */ = {
			isa = XCBuildConfiguration;
			buildSettings = {
				ALWAYS_EMBED_SWIFT_STANDARD_LIBRARIES = YES;
				BUNDLE_LOADER = "$(TEST_HOST)";
				CLANG_ENABLE_MODULES = YES;
				CODE_SIGN_STYLE = Automatic;
				CURRENT_PROJECT_VERSION = 1;
				DEVELOPMENT_TEAM = 59ASJ9CE64;
				GENERATE_INFOPLIST_FILE = YES;
				IPHONEOS_DEPLOYMENT_TARGET = 16.4;
				MARKETING_VERSION = 1.0;
				PRODUCT_BUNDLE_IDENTIFIER = "com.BCD.BTC-WalletTests";
				PRODUCT_NAME = "$(TARGET_NAME)";
				SWIFT_EMIT_LOC_STRINGS = NO;
				SWIFT_OBJC_BRIDGING_HEADER = "BTC_WalletTests/BTC_WalletTests-Bridging-Header.h";
				SWIFT_VERSION = 5.0;
				TARGETED_DEVICE_FAMILY = "1,2";
				TEST_HOST = "$(BUILT_PRODUCTS_DIR)/BTC_Wallet.app/$(BUNDLE_EXECUTABLE_FOLDER_PATH)/BTC_Wallet";
			};
			name = Release;
		};
		BC21BAFE2AF2D399005AC913 /* Debug */ = {
			isa = XCBuildConfiguration;
			buildSettings = {
				ALWAYS_EMBED_SWIFT_STANDARD_LIBRARIES = YES;
				CODE_SIGN_STYLE = Automatic;
				CURRENT_PROJECT_VERSION = 1;
				DEVELOPMENT_TEAM = 59ASJ9CE64;
				GENERATE_INFOPLIST_FILE = YES;
				MARKETING_VERSION = 1.0;
				PRODUCT_BUNDLE_IDENTIFIER = "com.BCD.BTC-WalletUITests";
				PRODUCT_NAME = "$(TARGET_NAME)";
				SWIFT_EMIT_LOC_STRINGS = NO;
				SWIFT_VERSION = 5.0;
				TARGETED_DEVICE_FAMILY = "1,2";
				TEST_TARGET_NAME = BTC_Wallet;
			};
			name = Debug;
		};
		BC21BAFF2AF2D399005AC913 /* Release */ = {
			isa = XCBuildConfiguration;
			buildSettings = {
				ALWAYS_EMBED_SWIFT_STANDARD_LIBRARIES = YES;
				CODE_SIGN_STYLE = Automatic;
				CURRENT_PROJECT_VERSION = 1;
				DEVELOPMENT_TEAM = 59ASJ9CE64;
				GENERATE_INFOPLIST_FILE = YES;
				MARKETING_VERSION = 1.0;
				PRODUCT_BUNDLE_IDENTIFIER = "com.BCD.BTC-WalletUITests";
				PRODUCT_NAME = "$(TARGET_NAME)";
				SWIFT_EMIT_LOC_STRINGS = NO;
				SWIFT_VERSION = 5.0;
				TARGETED_DEVICE_FAMILY = "1,2";
				TEST_TARGET_NAME = BTC_Wallet;
			};
			name = Release;
		};
/* End XCBuildConfiguration section */

/* Begin XCConfigurationList section */
		BC21BACE2AF2D396005AC913 /* Build configuration list for PBXProject "BTC_Wallet" */ = {
			isa = XCConfigurationList;
			buildConfigurations = (
				BC21BAF52AF2D399005AC913 /* Debug */,
				BC21BAF62AF2D399005AC913 /* Release */,
			);
			defaultConfigurationIsVisible = 0;
			defaultConfigurationName = Release;
		};
		BC21BAF72AF2D399005AC913 /* Build configuration list for PBXNativeTarget "BTC_Wallet" */ = {
			isa = XCConfigurationList;
			buildConfigurations = (
				BC21BAF82AF2D399005AC913 /* Debug */,
				BC21BAF92AF2D399005AC913 /* Release */,
			);
			defaultConfigurationIsVisible = 0;
			defaultConfigurationName = Release;
		};
		BC21BAFA2AF2D399005AC913 /* Build configuration list for PBXNativeTarget "BTC_WalletTests" */ = {
			isa = XCConfigurationList;
			buildConfigurations = (
				BC21BAFB2AF2D399005AC913 /* Debug */,
				BC21BAFC2AF2D399005AC913 /* Release */,
			);
			defaultConfigurationIsVisible = 0;
			defaultConfigurationName = Release;
		};
		BC21BAFD2AF2D399005AC913 /* Build configuration list for PBXNativeTarget "BTC_WalletUITests" */ = {
			isa = XCConfigurationList;
			buildConfigurations = (
				BC21BAFE2AF2D399005AC913 /* Debug */,
				BC21BAFF2AF2D399005AC913 /* Release */,
			);
			defaultConfigurationIsVisible = 0;
			defaultConfigurationName = Release;
		};
/* End XCConfigurationList section */

/* Begin XCRemoteSwiftPackageReference section */
		BCE06A1F2AFACE9300F5F415 /* XCRemoteSwiftPackageReference "CodeScanner" */ = {
			isa = XCRemoteSwiftPackageReference;
			repositoryURL = "https://github.com/twostraws/CodeScanner";
			requirement = {
				kind = upToNextMajorVersion;
				minimumVersion = 2.0.0;
			};
		};
/* End XCRemoteSwiftPackageReference section */

/* Begin XCSwiftPackageProductDependency section */
		BCE06A202AFACE9300F5F415 /* CodeScanner */ = {
			isa = XCSwiftPackageProductDependency;
			package = BCE06A1F2AFACE9300F5F415 /* XCRemoteSwiftPackageReference "CodeScanner" */;
			productName = CodeScanner;
		};
/* End XCSwiftPackageProductDependency section */
	};
	rootObject = BC21BACB2AF2D396005AC913 /* Project object */;
}
